
Microsoft Visual Studio Solution File, Format Version 12.00
# Visual Studio 15
Project("{FAE04EC0-301F-11D3-BF4B-00C04F79EFBC}") = "Assembly-CSharp", "Assembly-CSharp.csproj", "{CC05ABDD-116D-B2EF-1085-8FFFB78D8259}"
EndProject
Project("{FAE04EC0-301F-11D3-BF4B-00C04F79EFBC}") = "Assembly-CSharp-firstpass", "Assembly-CSharp-firstpass.csproj", "{205FB40C-8EAE-4456-99FB-150DC55684B5}"
EndProject
Project("{FAE04EC0-301F-11D3-BF4B-00C04F79EFBC}") = "Assembly-CSharp-Editor", "Assembly-CSharp-Editor.csproj", "{1A2483AD-B945-6FF6-D5E0-9B5D850208AA}"
EndProject
Project("{FAE04EC0-301F-11D3-BF4B-00C04F79EFBC}") = "Assembly-CSharp-Editor-firstpass", "Assembly-CSharp-Editor-firstpass.csproj", "{31C5D9C9-4A97-1CBF-E58B-79F78573DA8C}"
EndProject
Global
	GlobalSection(SolutionConfigurationPlatforms) = preSolution
		Debug|Any CPU = Debug|Any CPU
		Release|Any CPU = Release|Any CPU
	EndGlobalSection
	GlobalSection(ProjectConfigurationPlatforms) = postSolution
		{CC05ABDD-116D-B2EF-1085-8FFFB78D8259}.Debug|Any CPU.ActiveCfg = Debug|Any CPU
		{CC05ABDD-116D-B2EF-1085-8FFFB78D8259}.Debug|Any CPU.Build.0 = Debug|Any CPU
		{CC05ABDD-116D-B2EF-1085-8FFFB78D8259}.Release|Any CPU.ActiveCfg = Release|Any CPU
		{CC05ABDD-116D-B2EF-1085-8FFFB78D8259}.Release|Any CPU.Build.0 = Release|Any CPU
		{205FB40C-8EAE-4456-99FB-150DC55684B5}.Debug|Any CPU.ActiveCfg = Debug|Any CPU
		{205FB40C-8EAE-4456-99FB-150DC55684B5}.Debug|Any CPU.Build.0 = Debug|Any CPU
		{205FB40C-8EAE-4456-99FB-150DC55684B5}.Release|Any CPU.ActiveCfg = Release|Any CPU
		{205FB40C-8EAE-4456-99FB-150DC55684B5}.Release|Any CPU.Build.0 = Release|Any CPU
		{1A2483AD-B945-6FF6-D5E0-9B5D850208AA}.Debug|Any CPU.ActiveCfg = Debug|Any CPU
		{1A2483AD-B945-6FF6-D5E0-9B5D850208AA}.Debug|Any CPU.Build.0 = Debug|Any CPU
		{1A2483AD-B945-6FF6-D5E0-9B5D850208AA}.Release|Any CPU.ActiveCfg = Release|Any CPU
		{1A2483AD-B945-6FF6-D5E0-9B5D850208AA}.Release|Any CPU.Build.0 = Release|Any CPU
		{31C5D9C9-4A97-1CBF-E58B-79F78573DA8C}.Debug|Any CPU.ActiveCfg = Debug|Any CPU
		{31C5D9C9-4A97-1CBF-E58B-79F78573DA8C}.Debug|Any CPU.Build.0 = Debug|Any CPU
		{31C5D9C9-4A97-1CBF-E58B-79F78573DA8C}.Release|Any CPU.ActiveCfg = Release|Any CPU
		{31C5D9C9-4A97-1CBF-E58B-79F78573DA8C}.Release|Any CPU.Build.0 = Release|Any CPU
	EndGlobalSection
	GlobalSection(SolutionProperties) = preSolution
		HideSolutionNode = FALSE
	EndGlobalSection
EndGlobal
